
Microsoft Visual Studio Solution File, Format Version 12.00
# Visual Studio Version 16
VisualStudioVersion = 25.0.1706.11
MinimumVisualStudioVersion = 10.0.40219.1
Project("{FAE04EC0-301F-11D3-BF4B-00C04F79EFBC}") = "ToDoList", "ToDoList\ToDoList.csproj", "{F962F60B-BC29-46F5-842D-70AD74721F07}"
EndProject
Global
	GlobalSection(SolutionConfigurationPlatforms) = preSolution
		Debug|Any CPU = Debug|Any CPU
		Release|Any CPU = Release|Any CPU
	EndGlobalSection
	GlobalSection(ProjectConfigurationPlatforms) = postSolution
		{F962F60B-BC29-46F5-842D-70AD74721F07}.Debug|Any CPU.ActiveCfg = Debug|Any CPU
		{F962F60B-BC29-46F5-842D-70AD74721F07}.Debug|Any CPU.Build.0 = Debug|Any CPU
		{F962F60B-BC29-46F5-842D-70AD74721F07}.Release|Any CPU.ActiveCfg = Release|Any CPU
		{F962F60B-BC29-46F5-842D-70AD74721F07}.Release|Any CPU.Build.0 = Release|Any CPU
	EndGlobalSection
	GlobalSection(SolutionProperties) = preSolution
		HideSolutionNode = FALSE
	EndGlobalSection
	GlobalSection(ExtensibilityGlobals) = postSolution
		SolutionGuid = {796E0E3A-184F-4716-8698-CB31935F2DA2}
	EndGlobalSection
EndGlobal
